
Microsoft Visual Studio Solution File, Format Version 10.00
# Visual Studio 2008
Project("{FAE04EC0-301F-11D3-BF4B-00C04F79EFBC}") = "FireWorks", "FireWorks.csproj", "{77ADD8FF-D707-4953-AE6E-3B1F5621C5BB}"
EndProject
Global
	GlobalSection(SolutionConfigurationPlatforms) = preSolution
		Debug|Any CPU = Debug|Any CPU
		Release|Any CPU = Release|Any CPU
	EndGlobalSection
	GlobalSection(ProjectConfigurationPlatforms) = postSolution
		{77ADD8FF-D707-4953-AE6E-3B1F5621C5BB}.Debug|Any CPU.ActiveCfg = Debug|Any CPU
		{77ADD8FF-D707-4953-AE6E-3B1F5621C5BB}.Debug|Any CPU.Build.0 = Debug|Any CPU
		{77ADD8FF-D707-4953-AE6E-3B1F5621C5BB}.Release|Any CPU.ActiveCfg = Release|Any CPU
		{77ADD8FF-D707-4953-AE6E-3B1F5621C5BB}.Release|Any CPU.Build.0 = Release|Any CPU
	EndGlobalSection
	GlobalSection(SolutionProperties) = preSolution
		HideSolutionNode = FALSE
	EndGlobalSection
EndGlobal
