
Microsoft Visual Studio Solution File, Format Version 10.00
# Visual Studio 2008
Project("{FAE04EC0-301F-11D3-BF4B-00C04F79EFBC}") = "YANP", "YANP.csproj", "{A31CDE0B-CF61-40CE-B483-C922359A4003}"
EndProject
Global
	GlobalSection(SolutionConfigurationPlatforms) = preSolution
		Debug|Any CPU = Debug|Any CPU
		Release|Any CPU = Release|Any CPU
	EndGlobalSection
	GlobalSection(ProjectConfigurationPlatforms) = postSolution
		{A31CDE0B-CF61-40CE-B483-C922359A4003}.Debug|Any CPU.ActiveCfg = Debug|Any CPU
		{A31CDE0B-CF61-40CE-B483-C922359A4003}.Debug|Any CPU.Build.0 = Debug|Any CPU
		{A31CDE0B-CF61-40CE-B483-C922359A4003}.Release|Any CPU.ActiveCfg = Release|Any CPU
		{A31CDE0B-CF61-40CE-B483-C922359A4003}.Release|Any CPU.Build.0 = Release|Any CPU
	EndGlobalSection
	GlobalSection(SolutionProperties) = preSolution
		HideSolutionNode = FALSE
	EndGlobalSection
EndGlobal
